// !$*UTF8*$!
{
	archiveVersion = 1;
	classes = {
	};
	objectVersion = 46;
	objects = {

/* Begin PBXBuildFile section */
		924A2FEF1C81912C00B1E212 /* AppDelegate.swift in Sources */ = {isa = PBXBuildFile; fileRef = 924A2FEE1C81912C00B1E212 /* AppDelegate.swift */; };
		924A2FF11C81912C00B1E212 /* ViewController.swift in Sources */ = {isa = PBXBuildFile; fileRef = 924A2FF01C81912C00B1E212 /* ViewController.swift */; };
		924A2FF41C81912C00B1E212 /* Main.storyboard in Resources */ = {isa = PBXBuildFile; fileRef = 924A2FF21C81912C00B1E212 /* Main.storyboard */; };
		924A2FF61C81912C00B1E212 /* Assets.xcassets in Resources */ = {isa = PBXBuildFile; fileRef = 924A2FF51C81912C00B1E212 /* Assets.xcassets */; };
		924A2FF91C81912C00B1E212 /* LaunchScreen.storyboard in Resources */ = {isa = PBXBuildFile; fileRef = 924A2FF71C81912C00B1E212 /* LaunchScreen.storyboard */; };
		924A30011C81915800B1E212 /* Datos.swift in Sources */ = {isa = PBXBuildFile; fileRef = 924A30001C81915800B1E212 /* Datos.swift */; };
		924A30031C8193FC00B1E212 /* Colores.swift in Sources */ = {isa = PBXBuildFile; fileRef = 924A30021C8193FC00B1E212 /* Colores.swift */; };
/* End PBXBuildFile section */

/* Begin PBXFileReference section */
		924A2FEB1C81912C00B1E212 /* Hamburguesas.app */ = {isa = PBXFileReference; explicitFileType = wrapper.application; includeInIndex = 0; path = Hamburguesas.app; sourceTree = BUILT_PRODUCTS_DIR; };
		924A2FEE1C81912C00B1E212 /* AppDelegate.swift */ = {isa = PBXFileReference; lastKnownFileType = sourcecode.swift; path = AppDelegate.swift; sourceTree = "<group>"; };
		924A2FF01C81912C00B1E212 /* ViewController.swift */ = {isa = PBXFileReference; lastKnownFileType = sourcecode.swift; path = ViewController.swift; sourceTree = "<group>"; };
		924A2FF31C81912C00B1E212 /* Base */ = {isa = PBXFileReference; lastKnownFileType = file.storyboard; name = Base; path = Base.lproj/Main.storyboard; sourceTree = "<group>"; };
		924A2FF51C81912C00B1E212 /* Assets.xcassets */ = {isa = PBXFileReference; lastKnownFileType = folder.assetcatalog; path = Assets.xcassets; sourceTree = "<group>"; };
		924A2FF81C81912C00B1E212 /* Base */ = {isa = PBXFileReference; lastKnownFileType = file.storyboard; name = Base; path = Base.lproj/LaunchScreen.storyboard; sourceTree = "<group>"; };
		924A2FFA1C81912C00B1E212 /* Info.plist */ = {isa = PBXFileReference; lastKnownFileType = text.plist.xml; path = Info.plist; sourceTree = "<group>"; };
		924A30001C81915800B1E212 /* Datos.swift */ = {isa = PBXFileReference; fileEncoding = 4; lastKnownFileType = sourcecode.swift; path = Datos.swift; sourceTree = "<group>"; };
		924A30021C8193FC00B1E212 /* Colores.swift */ = {isa = PBXFileReference; fileEncoding = 4; lastKnownFileType = sourcecode.swift; path = Colores.swift; sourceTree = "<group>"; };
/* End PBXFileReference section */

/* Begin PBXFrameworksBuildPhase section */
		924A2FE81C81912C00B1E212 /* Frameworks */ = {
			isa = PBXFrameworksBuildPhase;
			buildActionMask = 2147483647;
			files = (
			);
			runOnlyForDeploymentPostprocessing = 0;
		};
/* End PBXFrameworksBuildPhase section */

/* Begin PBXGroup section */
		924A2FE21C81912C00B1E212 = {
			isa = PBXGroup;
			children = (
				924A2FED1C81912C00B1E212 /* Hamburguesas */,
				924A2FEC1C81912C00B1E212 /* Products */,
			);
			sourceTree = "<group>";
		};
		924A2FEC1C81912C00B1E212 /* Products */ = {
			isa = PBXGroup;
			children = (
				924A2FEB1C81912C00B1E212 /* Hamburguesas.app */,
			);
			name = Products;
			sourceTree = "<group>";
		};
		924A2FED1C81912C00B1E212 /* Hamburguesas */ = {
			isa = PBXGroup;
			children = (
				924A2FEE1C81912C00B1E212 /* AppDelegate.swift */,
				924A2FF01C81912C00B1E212 /* ViewController.swift */,
				924A2FF21C81912C00B1E212 /* Main.storyboard */,
				924A2FF51C81912C00B1E212 /* Assets.xcassets */,
				924A2FF71C81912C00B1E212 /* LaunchScreen.storyboard */,
				924A2FFA1C81912C00B1E212 /* Info.plist */,
				924A30001C81915800B1E212 /* Datos.swift */,
				924A30021C8193FC00B1E212 /* Colores.swift */,
			);
			path = Hamburguesas;
			sourceTree = "<group>";
		};
/* End PBXGroup section */

/* Begin PBXNativeTarget section */
		924A2FEA1C81912C00B1E212 /* Hamburguesas */ = {
			isa = PBXNativeTarget;
			buildConfigurationList = 924A2FFD1C81912C00B1E212 /* Build configuration list for PBXNativeTarget "Hamburguesas" */;
			buildPhases = (
				924A2FE71C81912C00B1E212 /* Sources */,
				924A2FE81C81912C00B1E212 /* Frameworks */,
				924A2FE91C81912C00B1E212 /* Resources */,
			);
			buildRules = (
			);
			dependencies = (
			);
			name = Hamburguesas;
			productName = Hamburguesas;
			productReference = 924A2FEB1C81912C00B1E212 /* Hamburguesas.app */;
			productType = "com.apple.product-type.application";
		};
/* End PBXNativeTarget section */

/* Begin PBXProject section */
		924A2FE31C81912C00B1E212 /* Project object */ = {
			isa = PBXProject;
			attributes = {
				LastSwiftUpdateCheck = 0720;
				LastUpgradeCheck = 0720;
				ORGANIZATIONNAME = "Chano zamora";
				TargetAttributes = {
					924A2FEA1C81912C00B1E212 = {
						CreatedOnToolsVersion = 7.2.1;
						DevelopmentTeam = 3Q593Y6P54;
					};
				};
			};
			buildConfigurationList = 924A2FE61C81912C00B1E212 /* Build configuration list for PBXProject "Hamburguesas" */;
			compatibilityVersion = "Xcode 3.2";
			developmentRegion = English;
			hasScannedForEncodings = 0;
			knownRegions = (
				en,
				Base,
			);
			mainGroup = 924A2FE21C81912C00B1E212;
			productRefGroup = 924A2FEC1C81912C00B1E212 /* Products */;
			projectDirPath = "";
			projectRoot = "";
			targets = (
				924A2FEA1C81912C00B1E212 /* Hamburguesas */,
			);
		};
/* End PBXProject section */

/* Begin PBXResourcesBuildPhase section */
		924A2FE91C81912C00B1E212 /* Resources */ = {
			isa = PBXResourcesBuildPhase;
			buildActionMask = 2147483647;
			files = (
				924A2FF91C81912C00B1E212 /* LaunchScreen.storyboard in Resources */,
				924A2FF61C81912C00B1E212 /* Assets.xcassets in Resources */,
				924A2FF41C81912C00B1E212 /* Main.storyboard in Resources */,
			);
			runOnlyForDeploymentPostprocessing = 0;
		};
/* End PBXResourcesBuildPhase section */

/* Begin PBXSourcesBuildPhase section */
		924A2FE71C81912C00B1E212 /* Sources */ = {
			isa = PBXSourcesBuildPhase;
			buildActionMask = 2147483647;
			files = (
				924A2FF11C81912C00B1E212 /* ViewController.swift in Sources */,
				924A2FEF1C81912C00B1E212 /* AppDelegate.swift in Sources */,
				924A30011C81915800B1E212 /* Datos.swift in Sources */,
				924A30031C8193FC00B1E212 /* Colores.swift in Sources */,
			);
			runOnlyForDeploymentPostprocessing = 0;
		};
/* End PBXSourcesBuildPhase section */

/* Begin PBXVariantGroup section */
		924A2FF21C81912C00B1E212 /* Main.storyboard */ = {
			isa = PBXVariantGroup;
			children = (
				924A2FF31C81912C00B1E212 /* Base */,
			);
			name = Main.storyboard;
			sourceTree = "<group>";
		};
		924A2FF71C81912C00B1E212 /* LaunchScreen.storyboard */ = {
			isa = PBXVariantGroup;
			children = (
				924A2FF81C81912C00B1E212 /* Base */,
			);
			name = LaunchScreen.storyboard;
			sourceTree = "<group>";
		};
/* End PBXVariantGroup section */

/* Begin XCBuildConfiguration section */
		924A2FFB1C81912C00B1E212 /* Debug */ = {
			isa = XCBuildConfiguration;
			buildSettings = {
				ALWAYS_SEARCH_USER_PATHS = NO;
				CLANG_CXX_LANGUAGE_STANDARD = "gnu++0x";
				CLANG_CXX_LIBRARY = "libc++";
				CLANG_ENABLE_MODULES = YES;
				CLANG_ENABLE_OBJC_ARC = YES;
				CLANG_WARN_BOOL_CONVERSION = YES;
				CLANG_WARN_CONSTANT_CONVERSION = YES;
				CLANG_WARN_DIRECT_OBJC_ISA_USAGE = YES_ERROR;
				CLANG_WARN_EMPTY_BODY = YES;
				CLANG_WARN_ENUM_CONVERSION = YES;
				CLANG_WARN_INT_CONVERSION = YES;
				CLANG_WARN_OBJC_ROOT_CLASS = YES_ERROR;
				CLANG_WARN_UNREACHABLE_CODE = YES;
				CLANG_WARN__DUPLICATE_METHOD_MATCH = YES;
				"CODE_SIGN_IDENTITY[sdk=iphoneos*]" = "iPhone Developer";
				COPY_PHASE_STRIP = NO;
				DEBUG_INFORMATION_FORMAT = dwarf;
				ENABLE_STRICT_OBJC_MSGSEND = YES;
				ENABLE_TESTABILITY = YES;
				GCC_C_LANGUAGE_STANDARD = gnu99;
				GCC_DYNAMIC_NO_PIC = NO;
				GCC_NO_COMMON_BLOCKS = YES;
				GCC_OPTIMIZATION_LEVEL = 0;
				GCC_PREPROCESSOR_DEFINITIONS = (
					"DEBUG=1",
					"$(inherited)",
				);
				GCC_WARN_64_TO_32_BIT_CONVERSION = YES;
				GCC_WARN_ABOUT_RETURN_TYPE = YES_ERROR;
				GCC_WARN_UNDECLARED_SELECTOR = YES;
				GCC_WARN_UNINITIALIZED_AUTOS = YES_AGGRESSIVE;
				GCC_WARN_UNUSED_FUNCTION = YES;
				GCC_WARN_UNUSED_VARIABLE = YES;
				IPHONEOS_DEPLOYMENT_TARGET = 9.2;
				MTL_ENABLE_DEBUG_INFO = YES;
				ONLY_ACTIVE_ARCH = YES;
				SDKROOT = iphoneos;
				SWIFT_OPTIMIZATION_LEVEL = "-Onone";
			};
			name = Debug;
		};
		924A2FFC1C81912C00B1E212 /* Release */ = {
			isa = XCBuildConfiguration;
			buildSettings = {
				ALWAYS_SEARCH_USER_PATHS = NO;
				CLANG_CXX_LANGUAGE_STANDARD = "gnu++0x";
				CLANG_CXX_LIBRARY = "libc++";
				CLANG_ENABLE_MODULES = YES;
				CLANG_ENABLE_OBJC_ARC = YES;
				CLANG_WARN_BOOL_CONVERSION = YES;
				CLANG_WARN_CONSTANT_CONVERSION = YES;
				CLANG_WARN_DIRECT_OBJC_ISA_USAGE = YES_ERROR;
				CLANG_WARN_EMPTY_BODY = YES;
				CLANG_WARN_ENUM_CONVERSION = YES;
				CLANG_WARN_INT_CONVERSION = YES;
				CLANG_WARN_OBJC_ROOT_CLASS = YES_ERROR;
				CLANG_WARN_UNREACHABLE_CODE = YES;
				CLANG_WARN__DUPLICATE_METHOD_MATCH = YES;
				"CODE_SIGN_IDENTITY[sdk=iphoneos*]" = "iPhone Developer";
				COPY_PHASE_STRIP = NO;
				DEBUG_INFORMATION_FORMAT = "dwarf-with-dsym";
				ENABLE_NS_ASSERTIONS = NO;
				ENABLE_STRICT_OBJC_MSGSEND = YES;
				GCC_C_LANGUAGE_STANDARD = gnu99;
				GCC_NO_COMMON_BLOCKS = YES;
				GCC_WARN_64_TO_32_BIT_CONVERSION = YES;
				GCC_WARN_ABOUT_RETURN_TYPE = YES_ERROR;
				GCC_WARN_UNDECLARED_SELECTOR = YES;
				GCC_WARN_UNINITIALIZED_AUTOS = YES_AGGRESSIVE;
				GCC_WARN_UNUSED_FUNCTION = YES;
				GCC_WARN_UNUSED_VARIABLE = YES;
				IPHONEOS_DEPLOYMENT_TARGET = 9.2;
				MTL_ENABLE_DEBUG_INFO = NO;
				SDKROOT = iphoneos;
				VALIDATE_PRODUCT = YES;
			};
			name = Release;
		};
		924A2FFE1C81912C00B1E212 /* Debug */ = {
			isa = XCBuildConfiguration;
			buildSettings = {
				ASSETCATALOG_COMPILER_APPICON_NAME = AppIcon;
				INFOPLIST_FILE = Hamburguesas/Info.plist;
				LD_RUNPATH_SEARCH_PATHS = "$(inherited) @executable_path/Frameworks";
				PRODUCT_BUNDLE_IDENTIFIER = "com.chano-zamora.Hamburguesas";
				PRODUCT_NAME = "$(TARGET_NAME)";
			};
			name = Debug;
		};
		924A2FFF1C81912C00B1E212 /* Release */ = {
			isa = XCBuildConfiguration;
			buildSettings = {
				ASSETCATALOG_COMPILER_APPICON_NAME = AppIcon;
				INFOPLIST_FILE = Hamburguesas/Info.plist;
				LD_RUNPATH_SEARCH_PATHS = "$(inherited) @executable_path/Frameworks";
				PRODUCT_BUNDLE_IDENTIFIER = "com.chano-zamora.Hamburguesas";
				PRODUCT_NAME = "$(TARGET_NAME)";
			};
			name = Release;
		};
/* End XCBuildConfiguration section */

/* Begin XCConfigurationList section */
		924A2FE61C81912C00B1E212 /* Build configuration list for PBXProject "Hamburguesas" */ = {
			isa = XCConfigurationList;
			buildConfigurations = (
				924A2FFB1C81912C00B1E212 /* Debug */,
				924A2FFC1C81912C00B1E212 /* Release */,
			);
			defaultConfigurationIsVisible = 0;
			defaultConfigurationName = Release;
		};
		924A2FFD1C81912C00B1E212 /* Build configuration list for PBXNativeTarget "Hamburguesas" */ = {
			isa = XCConfigurationList;
			buildConfigurations = (
				924A2FFE1C81912C00B1E212 /* Debug */,
				924A2FFF1C81912C00B1E212 /* Release */,
			);
			defaultConfigurationIsVisible = 0;
		};
/* End XCConfigurationList section */
	};
	rootObject = 924A2FE31C81912C00B1E212 /* Project object */;
}
